// !$*UTF8*$!
{
	archiveVersion = 1;
	classes = {
	};
	objectVersion = 56;
	objects = {

/* Begin PBXBuildFile section */
		8F707A7E29B85D1400CAFBE3 /* README.md in Resources */ = {isa = PBXBuildFile; fileRef = 8F707A7D29B85D1400CAFBE3 /* README.md */; };
		8F74B84829BE1AA7004C788E /* OrangeViewController.swift in Sources */ = {isa = PBXBuildFile; fileRef = 8F74B84729BE1AA7004C788E /* OrangeViewController.swift */; };
		8F74B84A29BE3E7A004C788E /* MintViewController.swift in Sources */ = {isa = PBXBuildFile; fileRef = 8F74B84929BE3E7A004C788E /* MintViewController.swift */; };
		8F74B84C29BE429C004C788E /* SecondTabViewController.swift in Sources */ = {isa = PBXBuildFile; fileRef = 8F74B84B29BE429C004C788E /* SecondTabViewController.swift */; };
		8F74B86329BE4369004C788E /* 17.jpg in Resources */ = {isa = PBXBuildFile; fileRef = 8F74B84D29BE4368004C788E /* 17.jpg */; };
		8F74B86429BE4369004C788E /* 18.jpg in Resources */ = {isa = PBXBuildFile; fileRef = 8F74B84E29BE4368004C788E /* 18.jpg */; };
		8F74B86529BE4369004C788E /* 22.jpg in Resources */ = {isa = PBXBuildFile; fileRef = 8F74B84F29BE4368004C788E /* 22.jpg */; };
		8F74B86629BE4369004C788E /* 10.jpg in Resources */ = {isa = PBXBuildFile; fileRef = 8F74B85029BE4368004C788E /* 10.jpg */; };
		8F74B86729BE4369004C788E /* 11.jpg in Resources */ = {isa = PBXBuildFile; fileRef = 8F74B85129BE4368004C788E /* 11.jpg */; };
		8F74B86829BE4369004C788E /* 06.jpg in Resources */ = {isa = PBXBuildFile; fileRef = 8F74B85229BE4368004C788E /* 06.jpg */; };
		8F74B86929BE4369004C788E /* 09.jpg in Resources */ = {isa = PBXBuildFile; fileRef = 8F74B85329BE4368004C788E /* 09.jpg */; };
		8F74B86A29BE4369004C788E /* 08.jpg in Resources */ = {isa = PBXBuildFile; fileRef = 8F74B85429BE4368004C788E /* 08.jpg */; };
		8F74B86B29BE4369004C788E /* 03.jpg in Resources */ = {isa = PBXBuildFile; fileRef = 8F74B85529BE4368004C788E /* 03.jpg */; };
		8F74B86C29BE4369004C788E /* 01.jpg in Resources */ = {isa = PBXBuildFile; fileRef = 8F74B85629BE4368004C788E /* 01.jpg */; };
		8F74B86D29BE4369004C788E /* 02.jpg in Resources */ = {isa = PBXBuildFile; fileRef = 8F74B85729BE4369004C788E /* 02.jpg */; };
		8F74B86E29BE4369004C788E /* 13.jpg in Resources */ = {isa = PBXBuildFile; fileRef = 8F74B85829BE4369004C788E /* 13.jpg */; };
		8F74B86F29BE4369004C788E /* 07.jpg in Resources */ = {isa = PBXBuildFile; fileRef = 8F74B85929BE4369004C788E /* 07.jpg */; };
		8F74B87029BE4369004C788E /* 16.jpg in Resources */ = {isa = PBXBuildFile; fileRef = 8F74B85A29BE4369004C788E /* 16.jpg */; };
		8F74B87129BE4369004C788E /* 19.jpg in Resources */ = {isa = PBXBuildFile; fileRef = 8F74B85B29BE4369004C788E /* 19.jpg */; };
		8F74B87229BE4369004C788E /* 14.jpg in Resources */ = {isa = PBXBuildFile; fileRef = 8F74B85C29BE4369004C788E /* 14.jpg */; };
		8F74B87329BE4369004C788E /* 20.jpg in Resources */ = {isa = PBXBuildFile; fileRef = 8F74B85D29BE4369004C788E /* 20.jpg */; };
		8F74B87429BE4369004C788E /* 05.jpg in Resources */ = {isa = PBXBuildFile; fileRef = 8F74B85E29BE4369004C788E /* 05.jpg */; };
		8F74B87529BE4369004C788E /* 04.jpg in Resources */ = {isa = PBXBuildFile; fileRef = 8F74B85F29BE4369004C788E /* 04.jpg */; };
		8F74B87629BE4369004C788E /* 21.jpg in Resources */ = {isa = PBXBuildFile; fileRef = 8F74B86029BE4369004C788E /* 21.jpg */; };
		8F74B87729BE4369004C788E /* 12.jpg in Resources */ = {isa = PBXBuildFile; fileRef = 8F74B86129BE4369004C788E /* 12.jpg */; };
		8F74B87829BE4369004C788E /* 15.jpg in Resources */ = {isa = PBXBuildFile; fileRef = 8F74B86229BE4369004C788E /* 15.jpg */; };
		8F74B87B29BE49BE004C788E /* photoframe-border.png in Resources */ = {isa = PBXBuildFile; fileRef = 8F74B87A29BE49BE004C788E /* photoframe-border.png */; };
		8FDC633129B58E8E00CFAD1F /* AppDelegate.swift in Sources */ = {isa = PBXBuildFile; fileRef = 8FDC633029B58E8E00CFAD1F /* AppDelegate.swift */; };
		8FDC633329B58E8E00CFAD1F /* SceneDelegate.swift in Sources */ = {isa = PBXBuildFile; fileRef = 8FDC633229B58E8E00CFAD1F /* SceneDelegate.swift */; };
		8FDC633529B58E8E00CFAD1F /* FirstTabViewController.swift in Sources */ = {isa = PBXBuildFile; fileRef = 8FDC633429B58E8E00CFAD1F /* FirstTabViewController.swift */; };
		8FDC633829B58E8E00CFAD1F /* Main.storyboard in Resources */ = {isa = PBXBuildFile; fileRef = 8FDC633629B58E8E00CFAD1F /* Main.storyboard */; };
		8FDC633A29B58E8F00CFAD1F /* Assets.xcassets in Resources */ = {isa = PBXBuildFile; fileRef = 8FDC633929B58E8F00CFAD1F /* Assets.xcassets */; };
		8FDC633D29B58E8F00CFAD1F /* LaunchScreen.storyboard in Resources */ = {isa = PBXBuildFile; fileRef = 8FDC633B29B58E8F00CFAD1F /* LaunchScreen.storyboard */; };
/* End PBXBuildFile section */

/* Begin PBXFileReference section */
		8F707A7D29B85D1400CAFBE3 /* README.md */ = {isa = PBXFileReference; fileEncoding = 4; lastKnownFileType = net.daringfireball.markdown; name = README.md; path = ../README.md; sourceTree = "<group>"; };
		8F74B84729BE1AA7004C788E /* OrangeViewController.swift */ = {isa = PBXFileReference; lastKnownFileType = sourcecode.swift; path = OrangeViewController.swift; sourceTree = "<group>"; };
		8F74B84929BE3E7A004C788E /* MintViewController.swift */ = {isa = PBXFileReference; lastKnownFileType = sourcecode.swift; path = MintViewController.swift; sourceTree = "<group>"; };
		8F74B84B29BE429C004C788E /* SecondTabViewController.swift */ = {isa = PBXFileReference; lastKnownFileType = sourcecode.swift; path = SecondTabViewController.swift; sourceTree = "<group>"; };
		8F74B84D29BE4368004C788E /* 17.jpg */ = {isa = PBXFileReference; lastKnownFileType = image.jpeg; path = 17.jpg; sourceTree = "<group>"; };
		8F74B84E29BE4368004C788E /* 18.jpg */ = {isa = PBXFileReference; lastKnownFileType = image.jpeg; path = 18.jpg; sourceTree = "<group>"; };
		8F74B84F29BE4368004C788E /* 22.jpg */ = {isa = PBXFileReference; lastKnownFileType = image.jpeg; path = 22.jpg; sourceTree = "<group>"; };
		8F74B85029BE4368004C788E /* 10.jpg */ = {isa = PBXFileReference; lastKnownFileType = image.jpeg; path = 10.jpg; sourceTree = "<group>"; };
		8F74B85129BE4368004C788E /* 11.jpg */ = {isa = PBXFileReference; lastKnownFileType = image.jpeg; path = 11.jpg; sourceTree = "<group>"; };
		8F74B85229BE4368004C788E /* 06.jpg */ = {isa = PBXFileReference; lastKnownFileType = image.jpeg; path = 06.jpg; sourceTree = "<group>"; };
		8F74B85329BE4368004C788E /* 09.jpg */ = {isa = PBXFileReference; lastKnownFileType = image.jpeg; path = 09.jpg; sourceTree = "<group>"; };
		8F74B85429BE4368004C788E /* 08.jpg */ = {isa = PBXFileReference; lastKnownFileType = image.jpeg; path = 08.jpg; sourceTree = "<group>"; };
		8F74B85529BE4368004C788E /* 03.jpg */ = {isa = PBXFileReference; lastKnownFileType = image.jpeg; path = 03.jpg; sourceTree = "<group>"; };
		8F74B85629BE4368004C788E /* 01.jpg */ = {isa = PBXFileReference; lastKnownFileType = image.jpeg; path = 01.jpg; sourceTree = "<group>"; };
		8F74B85729BE4369004C788E /* 02.jpg */ = {isa = PBXFileReference; lastKnownFileType = image.jpeg; path = 02.jpg; sourceTree = "<group>"; };
		8F74B85829BE4369004C788E /* 13.jpg */ = {isa = PBXFileReference; lastKnownFileType = image.jpeg; path = 13.jpg; sourceTree = "<group>"; };
		8F74B85929BE4369004C788E /* 07.jpg */ = {isa = PBXFileReference; lastKnownFileType = image.jpeg; path = 07.jpg; sourceTree = "<group>"; };
		8F74B85A29BE4369004C788E /* 16.jpg */ = {isa = PBXFileReference; lastKnownFileType = image.jpeg; path = 16.jpg; sourceTree = "<group>"; };
		8F74B85B29BE4369004C788E /* 19.jpg */ = {isa = PBXFileReference; lastKnownFileType = image.jpeg; path = 19.jpg; sourceTree = "<group>"; };
		8F74B85C29BE4369004C788E /* 14.jpg */ = {isa = PBXFileReference; lastKnownFileType = image.jpeg; path = 14.jpg; sourceTree = "<group>"; };
		8F74B85D29BE4369004C788E /* 20.jpg */ = {isa = PBXFileReference; lastKnownFileType = image.jpeg; path = 20.jpg; sourceTree = "<group>"; };
		8F74B85E29BE4369004C788E /* 05.jpg */ = {isa = PBXFileReference; lastKnownFileType = image.jpeg; path = 05.jpg; sourceTree = "<group>"; };
		8F74B85F29BE4369004C788E /* 04.jpg */ = {isa = PBXFileReference; lastKnownFileType = image.jpeg; path = 04.jpg; sourceTree = "<group>"; };
		8F74B86029BE4369004C788E /* 21.jpg */ = {isa = PBXFileReference; lastKnownFileType = image.jpeg; path = 21.jpg; sourceTree = "<group>"; };
		8F74B86129BE4369004C788E /* 12.jpg */ = {isa = PBXFileReference; lastKnownFileType = image.jpeg; path = 12.jpg; sourceTree = "<group>"; };
		8F74B86229BE4369004C788E /* 15.jpg */ = {isa = PBXFileReference; lastKnownFileType = image.jpeg; path = 15.jpg; sourceTree = "<group>"; };
		8F74B87A29BE49BE004C788E /* photoframe-border.png */ = {isa = PBXFileReference; lastKnownFileType = image.png; path = "photoframe-border.png"; sourceTree = "<group>"; };
		8FDC632D29B58E8E00CFAD1F /* PhotoFrame.app */ = {isa = PBXFileReference; explicitFileType = wrapper.application; includeInIndex = 0; path = PhotoFrame.app; sourceTree = BUILT_PRODUCTS_DIR; };
		8FDC633029B58E8E00CFAD1F /* AppDelegate.swift */ = {isa = PBXFileReference; lastKnownFileType = sourcecode.swift; path = AppDelegate.swift; sourceTree = "<group>"; };
		8FDC633229B58E8E00CFAD1F /* SceneDelegate.swift */ = {isa = PBXFileReference; lastKnownFileType = sourcecode.swift; path = SceneDelegate.swift; sourceTree = "<group>"; };
		8FDC633429B58E8E00CFAD1F /* FirstTabViewController.swift */ = {isa = PBXFileReference; lastKnownFileType = sourcecode.swift; path = FirstTabViewController.swift; sourceTree = "<group>"; };
		8FDC633729B58E8E00CFAD1F /* Base */ = {isa = PBXFileReference; lastKnownFileType = file.storyboard; name = Base; path = Base.lproj/Main.storyboard; sourceTree = "<group>"; };
		8FDC633929B58E8F00CFAD1F /* Assets.xcassets */ = {isa = PBXFileReference; lastKnownFileType = folder.assetcatalog; path = Assets.xcassets; sourceTree = "<group>"; };
		8FDC633C29B58E8F00CFAD1F /* Base */ = {isa = PBXFileReference; lastKnownFileType = file.storyboard; name = Base; path = Base.lproj/LaunchScreen.storyboard; sourceTree = "<group>"; };
		8FDC633E29B58E8F00CFAD1F /* Info.plist */ = {isa = PBXFileReference; lastKnownFileType = text.plist.xml; path = Info.plist; sourceTree = "<group>"; };
/* End PBXFileReference section */

/* Begin PBXFrameworksBuildPhase section */
		8FDC632A29B58E8E00CFAD1F /* Frameworks */ = {
			isa = PBXFrameworksBuildPhase;
			buildActionMask = 2147483647;
			files = (
			);
			runOnlyForDeploymentPostprocessing = 0;
		};
/* End PBXFrameworksBuildPhase section */

/* Begin PBXGroup section */
		8F74B87929BE4379004C788E /* iImages */ = {
			isa = PBXGroup;
			children = (
				8F74B87A29BE49BE004C788E /* photoframe-border.png */,
				8F74B85629BE4368004C788E /* 01.jpg */,
				8F74B85729BE4369004C788E /* 02.jpg */,
				8F74B85529BE4368004C788E /* 03.jpg */,
				8F74B85F29BE4369004C788E /* 04.jpg */,
				8F74B85E29BE4369004C788E /* 05.jpg */,
				8F74B85229BE4368004C788E /* 06.jpg */,
				8F74B85929BE4369004C788E /* 07.jpg */,
				8F74B85429BE4368004C788E /* 08.jpg */,
				8F74B85329BE4368004C788E /* 09.jpg */,
				8F74B85029BE4368004C788E /* 10.jpg */,
				8F74B85129BE4368004C788E /* 11.jpg */,
				8F74B86129BE4369004C788E /* 12.jpg */,
				8F74B85829BE4369004C788E /* 13.jpg */,
				8F74B85C29BE4369004C788E /* 14.jpg */,
				8F74B86229BE4369004C788E /* 15.jpg */,
				8F74B85A29BE4369004C788E /* 16.jpg */,
				8F74B84D29BE4368004C788E /* 17.jpg */,
				8F74B84E29BE4368004C788E /* 18.jpg */,
				8F74B85B29BE4369004C788E /* 19.jpg */,
				8F74B85D29BE4369004C788E /* 20.jpg */,
				8F74B86029BE4369004C788E /* 21.jpg */,
				8F74B84F29BE4368004C788E /* 22.jpg */,
			);
			path = iImages;
			sourceTree = "<group>";
		};
		8FDC632429B58E8E00CFAD1F = {
			isa = PBXGroup;
			children = (
				8F707A7D29B85D1400CAFBE3 /* README.md */,
				8FDC632F29B58E8E00CFAD1F /* PhotoFrame */,
				8FDC632E29B58E8E00CFAD1F /* Products */,
			);
			sourceTree = "<group>";
		};
		8FDC632E29B58E8E00CFAD1F /* Products */ = {
			isa = PBXGroup;
			children = (
				8FDC632D29B58E8E00CFAD1F /* PhotoFrame.app */,
			);
			name = Products;
			sourceTree = "<group>";
		};
		8FDC632F29B58E8E00CFAD1F /* PhotoFrame */ = {
			isa = PBXGroup;
			children = (
				8FDC633029B58E8E00CFAD1F /* AppDelegate.swift */,
				8FDC633929B58E8F00CFAD1F /* Assets.xcassets */,
				8FDC633429B58E8E00CFAD1F /* FirstTabViewController.swift */,
				8FDC633E29B58E8F00CFAD1F /* Info.plist */,
				8FDC633B29B58E8F00CFAD1F /* LaunchScreen.storyboard */,
				8FDC633629B58E8E00CFAD1F /* Main.storyboard */,
				8F74B84929BE3E7A004C788E /* MintViewController.swift */,
				8F74B84729BE1AA7004C788E /* OrangeViewController.swift */,
				8FDC633229B58E8E00CFAD1F /* SceneDelegate.swift */,
				8F74B84B29BE429C004C788E /* SecondTabViewController.swift */,
				8F74B87929BE4379004C788E /* iImages */,
			);
			path = PhotoFrame;
			sourceTree = "<group>";
		};
/* End PBXGroup section */

/* Begin PBXNativeTarget section */
		8FDC632C29B58E8E00CFAD1F /* PhotoFrame */ = {
			isa = PBXNativeTarget;
			buildConfigurationList = 8FDC634129B58E8F00CFAD1F /* Build configuration list for PBXNativeTarget "PhotoFrame" */;
			buildPhases = (
				8FDC632929B58E8E00CFAD1F /* Sources */,
				8FDC632A29B58E8E00CFAD1F /* Frameworks */,
				8FDC632B29B58E8E00CFAD1F /* Resources */,
			);
			buildRules = (
			);
			dependencies = (
			);
			name = PhotoFrame;
			productName = PhotoFrame;
			productReference = 8FDC632D29B58E8E00CFAD1F /* PhotoFrame.app */;
			productType = "com.apple.product-type.application";
		};
/* End PBXNativeTarget section */

/* Begin PBXProject section */
		8FDC632529B58E8E00CFAD1F /* Project object */ = {
			isa = PBXProject;
			attributes = {
				BuildIndependentTargetsInParallel = 1;
				LastSwiftUpdateCheck = 1420;
				LastUpgradeCheck = 1420;
				TargetAttributes = {
					8FDC632C29B58E8E00CFAD1F = {
						CreatedOnToolsVersion = 14.2;
					};
				};
			};
			buildConfigurationList = 8FDC632829B58E8E00CFAD1F /* Build configuration list for PBXProject "PhotoFrame" */;
			compatibilityVersion = "Xcode 14.0";
			developmentRegion = en;
			hasScannedForEncodings = 0;
			knownRegions = (
				en,
				Base,
			);
			mainGroup = 8FDC632429B58E8E00CFAD1F;
			productRefGroup = 8FDC632E29B58E8E00CFAD1F /* Products */;
			projectDirPath = "";
			projectRoot = "";
			targets = (
				8FDC632C29B58E8E00CFAD1F /* PhotoFrame */,
			);
		};
/* End PBXProject section */

/* Begin PBXResourcesBuildPhase section */
		8FDC632B29B58E8E00CFAD1F /* Resources */ = {
			isa = PBXResourcesBuildPhase;
			buildActionMask = 2147483647;
			files = (
				8F74B87429BE4369004C788E /* 05.jpg in Resources */,
				8F74B86B29BE4369004C788E /* 03.jpg in Resources */,
				8F74B86329BE4369004C788E /* 17.jpg in Resources */,
				8F74B86A29BE4369004C788E /* 08.jpg in Resources */,
				8F74B87529BE4369004C788E /* 04.jpg in Resources */,
				8F74B87729BE4369004C788E /* 12.jpg in Resources */,
				8F74B86529BE4369004C788E /* 22.jpg in Resources */,
				8FDC633D29B58E8F00CFAD1F /* LaunchScreen.storyboard in Resources */,
				8F74B86729BE4369004C788E /* 11.jpg in Resources */,
				8F74B86C29BE4369004C788E /* 01.jpg in Resources */,
				8F74B86429BE4369004C788E /* 18.jpg in Resources */,
				8F74B87129BE4369004C788E /* 19.jpg in Resources */,
				8F74B86829BE4369004C788E /* 06.jpg in Resources */,
				8F74B87B29BE49BE004C788E /* photoframe-border.png in Resources */,
				8F74B87829BE4369004C788E /* 15.jpg in Resources */,
				8F74B87229BE4369004C788E /* 14.jpg in Resources */,
				8F74B86E29BE4369004C788E /* 13.jpg in Resources */,
				8FDC633A29B58E8F00CFAD1F /* Assets.xcassets in Resources */,
				8F74B86F29BE4369004C788E /* 07.jpg in Resources */,
				8F74B87629BE4369004C788E /* 21.jpg in Resources */,
				8F74B87329BE4369004C788E /* 20.jpg in Resources */,
				8F74B86D29BE4369004C788E /* 02.jpg in Resources */,
				8F707A7E29B85D1400CAFBE3 /* README.md in Resources */,
				8F74B86629BE4369004C788E /* 10.jpg in Resources */,
				8FDC633829B58E8E00CFAD1F /* Main.storyboard in Resources */,
				8F74B87029BE4369004C788E /* 16.jpg in Resources */,
				8F74B86929BE4369004C788E /* 09.jpg in Resources */,
			);
			runOnlyForDeploymentPostprocessing = 0;
		};
/* End PBXResourcesBuildPhase section */

/* Begin PBXSourcesBuildPhase section */
		8FDC632929B58E8E00CFAD1F /* Sources */ = {
			isa = PBXSourcesBuildPhase;
			buildActionMask = 2147483647;
			files = (
				8F74B84C29BE429C004C788E /* SecondTabViewController.swift in Sources */,
				8F74B84829BE1AA7004C788E /* OrangeViewController.swift in Sources */,
				8FDC633529B58E8E00CFAD1F /* FirstTabViewController.swift in Sources */,
				8FDC633129B58E8E00CFAD1F /* AppDelegate.swift in Sources */,
				8F74B84A29BE3E7A004C788E /* MintViewController.swift in Sources */,
				8FDC633329B58E8E00CFAD1F /* SceneDelegate.swift in Sources */,
			);
			runOnlyForDeploymentPostprocessing = 0;
		};
/* End PBXSourcesBuildPhase section */

/* Begin PBXVariantGroup section */
		8FDC633629B58E8E00CFAD1F /* Main.storyboard */ = {
			isa = PBXVariantGroup;
			children = (
				8FDC633729B58E8E00CFAD1F /* Base */,
			);
			name = Main.storyboard;
			sourceTree = "<group>";
		};
		8FDC633B29B58E8F00CFAD1F /* LaunchScreen.storyboard */ = {
			isa = PBXVariantGroup;
			children = (
				8FDC633C29B58E8F00CFAD1F /* Base */,
			);
			name = LaunchScreen.storyboard;
			sourceTree = "<group>";
		};
/* End PBXVariantGroup section */

/* Begin XCBuildConfiguration section */
		8FDC633F29B58E8F00CFAD1F /* Debug */ = {
			isa = XCBuildConfiguration;
			buildSettings = {
				ALWAYS_SEARCH_USER_PATHS = NO;
				CLANG_ANALYZER_NONNULL = YES;
				CLANG_ANALYZER_NUMBER_OBJECT_CONVERSION = YES_AGGRESSIVE;
				CLANG_CXX_LANGUAGE_STANDARD = "gnu++20";
				CLANG_ENABLE_MODULES = YES;
				CLANG_ENABLE_OBJC_ARC = YES;
				CLANG_ENABLE_OBJC_WEAK = YES;
				CLANG_WARN_BLOCK_CAPTURE_AUTORELEASING = YES;
				CLANG_WARN_BOOL_CONVERSION = YES;
				CLANG_WARN_COMMA = YES;
				CLANG_WARN_CONSTANT_CONVERSION = YES;
				CLANG_WARN_DEPRECATED_OBJC_IMPLEMENTATIONS = YES;
				CLANG_WARN_DIRECT_OBJC_ISA_USAGE = YES_ERROR;
				CLANG_WARN_DOCUMENTATION_COMMENTS = YES;
				CLANG_WARN_EMPTY_BODY = YES;
				CLANG_WARN_ENUM_CONVERSION = YES;
				CLANG_WARN_INFINITE_RECURSION = YES;
				CLANG_WARN_INT_CONVERSION = YES;
				CLANG_WARN_NON_LITERAL_NULL_CONVERSION = YES;
				CLANG_WARN_OBJC_IMPLICIT_RETAIN_SELF = YES;
				CLANG_WARN_OBJC_LITERAL_CONVERSION = YES;
				CLANG_WARN_OBJC_ROOT_CLASS = YES_ERROR;
				CLANG_WARN_QUOTED_INCLUDE_IN_FRAMEWORK_HEADER = YES;
				CLANG_WARN_RANGE_LOOP_ANALYSIS = YES;
				CLANG_WARN_STRICT_PROTOTYPES = YES;
				CLANG_WARN_SUSPICIOUS_MOVE = YES;
				CLANG_WARN_UNGUARDED_AVAILABILITY = YES_AGGRESSIVE;
				CLANG_WARN_UNREACHABLE_CODE = YES;
				CLANG_WARN__DUPLICATE_METHOD_MATCH = YES;
				COPY_PHASE_STRIP = NO;
				DEBUG_INFORMATION_FORMAT = dwarf;
				ENABLE_STRICT_OBJC_MSGSEND = YES;
				ENABLE_TESTABILITY = YES;
				GCC_C_LANGUAGE_STANDARD = gnu11;
				GCC_DYNAMIC_NO_PIC = NO;
				GCC_NO_COMMON_BLOCKS = YES;
				GCC_OPTIMIZATION_LEVEL = 0;
				GCC_PREPROCESSOR_DEFINITIONS = (
					"DEBUG=1",
					"$(inherited)",
				);
				GCC_WARN_64_TO_32_BIT_CONVERSION = YES;
				GCC_WARN_ABOUT_RETURN_TYPE = YES_ERROR;
				GCC_WARN_UNDECLARED_SELECTOR = YES;
				GCC_WARN_UNINITIALIZED_AUTOS = YES_AGGRESSIVE;
				GCC_WARN_UNUSED_FUNCTION = YES;
				GCC_WARN_UNUSED_VARIABLE = YES;
				IPHONEOS_DEPLOYMENT_TARGET = 16.2;
				MTL_ENABLE_DEBUG_INFO = INCLUDE_SOURCE;
				MTL_FAST_MATH = YES;
				ONLY_ACTIVE_ARCH = YES;
				SDKROOT = iphoneos;
				SWIFT_ACTIVE_COMPILATION_CONDITIONS = DEBUG;
				SWIFT_OPTIMIZATION_LEVEL = "-Onone";
			};
			name = Debug;
		};
		8FDC634029B58E8F00CFAD1F /* Release */ = {
			isa = XCBuildConfiguration;
			buildSettings = {
				ALWAYS_SEARCH_USER_PATHS = NO;
				CLANG_ANALYZER_NONNULL = YES;
				CLANG_ANALYZER_NUMBER_OBJECT_CONVERSION = YES_AGGRESSIVE;
				CLANG_CXX_LANGUAGE_STANDARD = "gnu++20";
				CLANG_ENABLE_MODULES = YES;
				CLANG_ENABLE_OBJC_ARC = YES;
				CLANG_ENABLE_OBJC_WEAK = YES;
				CLANG_WARN_BLOCK_CAPTURE_AUTORELEASING = YES;
				CLANG_WARN_BOOL_CONVERSION = YES;
				CLANG_WARN_COMMA = YES;
				CLANG_WARN_CONSTANT_CONVERSION = YES;
				CLANG_WARN_DEPRECATED_OBJC_IMPLEMENTATIONS = YES;
				CLANG_WARN_DIRECT_OBJC_ISA_USAGE = YES_ERROR;
				CLANG_WARN_DOCUMENTATION_COMMENTS = YES;
				CLANG_WARN_EMPTY_BODY = YES;
				CLANG_WARN_ENUM_CONVERSION = YES;
				CLANG_WARN_INFINITE_RECURSION = YES;
				CLANG_WARN_INT_CONVERSION = YES;
				CLANG_WARN_NON_LITERAL_NULL_CONVERSION = YES;
				CLANG_WARN_OBJC_IMPLICIT_RETAIN_SELF = YES;
				CLANG_WARN_OBJC_LITERAL_CONVERSION = YES;
				CLANG_WARN_OBJC_ROOT_CLASS = YES_ERROR;
				CLANG_WARN_QUOTED_INCLUDE_IN_FRAMEWORK_HEADER = YES;
				CLANG_WARN_RANGE_LOOP_ANALYSIS = YES;
				CLANG_WARN_STRICT_PROTOTYPES = YES;
				CLANG_WARN_SUSPICIOUS_MOVE = YES;
				CLANG_WARN_UNGUARDED_AVAILABILITY = YES_AGGRESSIVE;
				CLANG_WARN_UNREACHABLE_CODE = YES;
				CLANG_WARN__DUPLICATE_METHOD_MATCH = YES;
				COPY_PHASE_STRIP = NO;
				DEBUG_INFORMATION_FORMAT = "dwarf-with-dsym";
				ENABLE_NS_ASSERTIONS = NO;
				ENABLE_STRICT_OBJC_MSGSEND = YES;
				GCC_C_LANGUAGE_STANDARD = gnu11;
				GCC_NO_COMMON_BLOCKS = YES;
				GCC_WARN_64_TO_32_BIT_CONVERSION = YES;
				GCC_WARN_ABOUT_RETURN_TYPE = YES_ERROR;
				GCC_WARN_UNDECLARED_SELECTOR = YES;
				GCC_WARN_UNINITIALIZED_AUTOS = YES_AGGRESSIVE;
				GCC_WARN_UNUSED_FUNCTION = YES;
				GCC_WARN_UNUSED_VARIABLE = YES;
				IPHONEOS_DEPLOYMENT_TARGET = 16.2;
				MTL_ENABLE_DEBUG_INFO = NO;
				MTL_FAST_MATH = YES;
				SDKROOT = iphoneos;
				SWIFT_COMPILATION_MODE = wholemodule;
				SWIFT_OPTIMIZATION_LEVEL = "-O";
				VALIDATE_PRODUCT = YES;
			};
			name = Release;
		};
		8FDC634229B58E8F00CFAD1F /* Debug */ = {
			isa = XCBuildConfiguration;
			buildSettings = {
				ASSETCATALOG_COMPILER_APPICON_NAME = AppIcon;
				ASSETCATALOG_COMPILER_GLOBAL_ACCENT_COLOR_NAME = AccentColor;
				CODE_SIGN_STYLE = Automatic;
				CURRENT_PROJECT_VERSION = 1;
				GENERATE_INFOPLIST_FILE = YES;
				INFOPLIST_FILE = PhotoFrame/Info.plist;
				INFOPLIST_KEY_UIApplicationSupportsIndirectInputEvents = YES;
				INFOPLIST_KEY_UILaunchStoryboardName = LaunchScreen;
				INFOPLIST_KEY_UIMainStoryboardFile = Main;
				INFOPLIST_KEY_UISupportedInterfaceOrientations_iPad = "UIInterfaceOrientationPortrait UIInterfaceOrientationPortraitUpsideDown UIInterfaceOrientationLandscapeLeft UIInterfaceOrientationLandscapeRight";
				INFOPLIST_KEY_UISupportedInterfaceOrientations_iPhone = "UIInterfaceOrientationPortrait UIInterfaceOrientationLandscapeLeft UIInterfaceOrientationLandscapeRight";
				LD_RUNPATH_SEARCH_PATHS = (
					"$(inherited)",
					"@executable_path/Frameworks",
				);
				MARKETING_VERSION = 1.0;
				PRODUCT_BUNDLE_IDENTIFIER = com.eddie.PhotoFrame;
				PRODUCT_NAME = "$(TARGET_NAME)";
				SWIFT_EMIT_LOC_STRINGS = YES;
				SWIFT_VERSION = 5.0;
				TARGETED_DEVICE_FAMILY = "1,2";
			};
			name = Debug;
		};
		8FDC634329B58E8F00CFAD1F /* Release */ = {
			isa = XCBuildConfiguration;
			buildSettings = {
				ASSETCATALOG_COMPILER_APPICON_NAME = AppIcon;
				ASSETCATALOG_COMPILER_GLOBAL_ACCENT_COLOR_NAME = AccentColor;
				CODE_SIGN_STYLE = Automatic;
				CURRENT_PROJECT_VERSION = 1;
				GENERATE_INFOPLIST_FILE = YES;
				INFOPLIST_FILE = PhotoFrame/Info.plist;
				INFOPLIST_KEY_UIApplicationSupportsIndirectInputEvents = YES;
				INFOPLIST_KEY_UILaunchStoryboardName = LaunchScreen;
				INFOPLIST_KEY_UIMainStoryboardFile = Main;
				INFOPLIST_KEY_UISupportedInterfaceOrientations_iPad = "UIInterfaceOrientationPortrait UIInterfaceOrientationPortraitUpsideDown UIInterfaceOrientationLandscapeLeft UIInterfaceOrientationLandscapeRight";
				INFOPLIST_KEY_UISupportedInterfaceOrientations_iPhone = "UIInterfaceOrientationPortrait UIInterfaceOrientationLandscapeLeft UIInterfaceOrientationLandscapeRight";
				LD_RUNPATH_SEARCH_PATHS = (
					"$(inherited)",
					"@executable_path/Frameworks",
				);
				MARKETING_VERSION = 1.0;
				PRODUCT_BUNDLE_IDENTIFIER = com.eddie.PhotoFrame;
				PRODUCT_NAME = "$(TARGET_NAME)";
				SWIFT_EMIT_LOC_STRINGS = YES;
				SWIFT_VERSION = 5.0;
				TARGETED_DEVICE_FAMILY = "1,2";
			};
			name = Release;
		};
/* End XCBuildConfiguration section */

/* Begin XCConfigurationList section */
		8FDC632829B58E8E00CFAD1F /* Build configuration list for PBXProject "PhotoFrame" */ = {
			isa = XCConfigurationList;
			buildConfigurations = (
				8FDC633F29B58E8F00CFAD1F /* Debug */,
				8FDC634029B58E8F00CFAD1F /* Release */,
			);
			defaultConfigurationIsVisible = 0;
			defaultConfigurationName = Release;
		};
		8FDC634129B58E8F00CFAD1F /* Build configuration list for PBXNativeTarget "PhotoFrame" */ = {
			isa = XCConfigurationList;
			buildConfigurations = (
				8FDC634229B58E8F00CFAD1F /* Debug */,
				8FDC634329B58E8F00CFAD1F /* Release */,
			);
			defaultConfigurationIsVisible = 0;
			defaultConfigurationName = Release;
		};
/* End XCConfigurationList section */
	};
	rootObject = 8FDC632529B58E8E00CFAD1F /* Project object */;
}
